<?xml version="1.0" encoding="utf-8"?>
<Project ToolsVersion="4.0" xmlns="http://schemas.microsoft.com/developer/msbuild/2003">
  <ItemGroup>
    <Filter Include="ZeroHook">
      <UniqueIdentifier>{a073fe2c-66fe-433a-9201-5bd34f65ef0c}</UniqueIdentifier>
    </Filter>
    <Filter Include="ZeroUtils">
      <UniqueIdentifier>{d23680e8-b4b4-445c-96e5-3fb79fa51945}</UniqueIdentifier>
    </Filter>
  </ItemGroup>
  <ItemGroup>
    <ClCompile Include="ZeroUtils\ZeroUtils.cpp">
      <Filter>ZeroUtils</Filter>
    </ClCompile>
    <ClCompile Include="ZeroThreadKernel.cpp" />
    <ClCompile Include="ZeroHook\ZeroHook.cpp">
      <Filter>ZeroHook</Filter>
    </ClCompile>
  </ItemGroup>
  <ItemGroup>
    <ClInclude Include="ZeroHook\ZeroHook.h">
      <Filter>ZeroHook</Filter>
    </ClInclude>
    <ClInclude Include="ZeroUtils\ZeroUtils.h">
      <Filter>ZeroUtils</Filter>
    </ClInclude>
    <ClInclude Include="Includes.h" />
  </ItemGroup>
</Project>